
Microsoft Visual Studio Solution File, Format Version 12.00
# Visual Studio 2012
Project("{FAE04EC0-301F-11D3-BF4B-00C04F79EFBC}") = "Pegasus", "Pegasus\Pegasus.csproj", "{58F12D13-9997-4C29-90CE-3C6C7409BA68}"
EndProject
Project("{FAE04EC0-301F-11D3-BF4B-00C04F79EFBC}") = "Pegasus.Tests", "Pegasus.Tests\Pegasus.Tests.csproj", "{13DC1195-1979-4799-A8F2-83CA8C16CD06}"
EndProject
Project("{2150E333-8FDC-42A3-9474-1A3956D46DE8}") = "Solution Items", "Solution Items", "{6E5824F0-3C5B-47C9-A02D-9928BD360D9B}"
	ProjectSection(SolutionItems) = preProject
		CodeAnalysis.ruleset = CodeAnalysis.ruleset
		CustomDictionary.xml = CustomDictionary.xml
		Pegasus.ico = Pegasus.ico
		Pegasus.png = Pegasus.png
		Pegasus.svg = Pegasus.svg
		readme.md = readme.md
		Settings.StyleCop = Settings.StyleCop
		SharedAssemblyInfo.cs = SharedAssemblyInfo.cs
	EndProjectSection
EndProject
Project("{2150E333-8FDC-42A3-9474-1A3956D46DE8}") = ".nuget", ".nuget", "{A29EA574-FC6E-4BD4-AAC3-074D06854CEE}"
	ProjectSection(SolutionItems) = preProject
		.nuget\NuGet.Config = .nuget\NuGet.Config
		.nuget\nuget.exe = .nuget\nuget.exe
		.nuget\NuGet.targets = .nuget\NuGet.targets
	EndProjectSection
EndProject
Project("{2150E333-8FDC-42A3-9474-1A3956D46DE8}") = "Package", "Package", "{88F83132-C588-4868-B767-E29AEAAFF2D4}"
	ProjectSection(SolutionItems) = preProject
		Package\Package.msbuild = Package\Package.msbuild
		Package\Pegasus.nuspec = Package\Pegasus.nuspec
		Package\Pegasus.targets = Package\Pegasus.targets
	EndProjectSection
EndProject
Project("{FAE04EC0-301F-11D3-BF4B-00C04F79EFBC}") = "Pegasus.Common", "Pegasus.Common\Pegasus.Common.csproj", "{1FC19ADF-446F-4118-8189-C25AADF12397}"
EndProject
Project("{FAE04EC0-301F-11D3-BF4B-00C04F79EFBC}") = "Pegasus.Common.Portable", "Pegasus.Common\Pegasus.Common.Portable.csproj", "{21772B0C-0206-4ABD-B88B-41EE4CFCA47E}"
EndProject
Project("{FAE04EC0-301F-11D3-BF4B-00C04F79EFBC}") = "Pegasus.Workbench", "Pegasus.Workbench\Pegasus.Workbench.csproj", "{1DA0D4F0-3867-4061-A466-8BA66A6FEC71}"
EndProject
Project("{FAE04EC0-301F-11D3-BF4B-00C04F79EFBC}") = "Pegasus.Package", "Pegasus.Package\Pegasus.Package.csproj", "{0292AC9A-C27D-4D35-9328-B491F9E455F0}"
EndProject
Project("{FAE04EC0-301F-11D3-BF4B-00C04F79EFBC}") = "PegGrammar", "PegGrammar\PegGrammar.csproj", "{FC6EA0B1-D9A5-41B4-84E5-823C944ACF38}"
EndProject
Global
	GlobalSection(SolutionConfigurationPlatforms) = preSolution
		Debug|Any CPU = Debug|Any CPU
		Release|Any CPU = Release|Any CPU
	EndGlobalSection
	GlobalSection(ProjectConfigurationPlatforms) = postSolution
		{58F12D13-9997-4C29-90CE-3C6C7409BA68}.Debug|Any CPU.ActiveCfg = Debug|Any CPU
		{58F12D13-9997-4C29-90CE-3C6C7409BA68}.Debug|Any CPU.Build.0 = Debug|Any CPU
		{58F12D13-9997-4C29-90CE-3C6C7409BA68}.Release|Any CPU.ActiveCfg = Release|Any CPU
		{58F12D13-9997-4C29-90CE-3C6C7409BA68}.Release|Any CPU.Build.0 = Release|Any CPU
		{13DC1195-1979-4799-A8F2-83CA8C16CD06}.Debug|Any CPU.ActiveCfg = Debug|Any CPU
		{13DC1195-1979-4799-A8F2-83CA8C16CD06}.Debug|Any CPU.Build.0 = Debug|Any CPU
		{13DC1195-1979-4799-A8F2-83CA8C16CD06}.Release|Any CPU.ActiveCfg = Release|Any CPU
		{13DC1195-1979-4799-A8F2-83CA8C16CD06}.Release|Any CPU.Build.0 = Release|Any CPU
		{1FC19ADF-446F-4118-8189-C25AADF12397}.Debug|Any CPU.ActiveCfg = Debug|Any CPU
		{1FC19ADF-446F-4118-8189-C25AADF12397}.Debug|Any CPU.Build.0 = Debug|Any CPU
		{1FC19ADF-446F-4118-8189-C25AADF12397}.Release|Any CPU.ActiveCfg = Release|Any CPU
		{1FC19ADF-446F-4118-8189-C25AADF12397}.Release|Any CPU.Build.0 = Release|Any CPU
		{21772B0C-0206-4ABD-B88B-41EE4CFCA47E}.Debug|Any CPU.ActiveCfg = Debug|Any CPU
		{21772B0C-0206-4ABD-B88B-41EE4CFCA47E}.Debug|Any CPU.Build.0 = Debug|Any CPU
		{21772B0C-0206-4ABD-B88B-41EE4CFCA47E}.Release|Any CPU.ActiveCfg = Release|Any CPU
		{21772B0C-0206-4ABD-B88B-41EE4CFCA47E}.Release|Any CPU.Build.0 = Release|Any CPU
		{1DA0D4F0-3867-4061-A466-8BA66A6FEC71}.Debug|Any CPU.ActiveCfg = Debug|Any CPU
		{1DA0D4F0-3867-4061-A466-8BA66A6FEC71}.Debug|Any CPU.Build.0 = Debug|Any CPU
		{1DA0D4F0-3867-4061-A466-8BA66A6FEC71}.Release|Any CPU.ActiveCfg = Release|Any CPU
		{1DA0D4F0-3867-4061-A466-8BA66A6FEC71}.Release|Any CPU.Build.0 = Release|Any CPU
		{0292AC9A-C27D-4D35-9328-B491F9E455F0}.Debug|Any CPU.ActiveCfg = Debug|Any CPU
		{0292AC9A-C27D-4D35-9328-B491F9E455F0}.Debug|Any CPU.Build.0 = Debug|Any CPU
		{0292AC9A-C27D-4D35-9328-B491F9E455F0}.Release|Any CPU.ActiveCfg = Release|Any CPU
		{0292AC9A-C27D-4D35-9328-B491F9E455F0}.Release|Any CPU.Build.0 = Release|Any CPU
		{FC6EA0B1-D9A5-41B4-84E5-823C944ACF38}.Debug|Any CPU.ActiveCfg = Release|Any CPU
		{FC6EA0B1-D9A5-41B4-84E5-823C944ACF38}.Debug|Any CPU.Build.0 = Release|Any CPU
		{FC6EA0B1-D9A5-41B4-84E5-823C944ACF38}.Release|Any CPU.ActiveCfg = Release|Any CPU
		{FC6EA0B1-D9A5-41B4-84E5-823C944ACF38}.Release|Any CPU.Build.0 = Release|Any CPU
	EndGlobalSection
	GlobalSection(SolutionProperties) = preSolution
		HideSolutionNode = FALSE
	EndGlobalSection
EndGlobal
